
Microsoft Visual Studio Solution File, Format Version 12.00
# Visual Studio Version 16
VisualStudioVersion = 16.0.30523.141
MinimumVisualStudioVersion = 10.0.40219.1
Project("{FAE04EC0-301F-11D3-BF4B-00C04F79EFBC}") = "DaHinhspkt2", "DaHinhspkt2\DaHinhspkt2.csproj", "{80A16ADA-A1BB-413A-B5BC-DEF8EE6C86ED}"
EndProject
Global
	GlobalSection(SolutionConfigurationPlatforms) = preSolution
		Debug|Any CPU = Debug|Any CPU
		Release|Any CPU = Release|Any CPU
	EndGlobalSection
	GlobalSection(ProjectConfigurationPlatforms) = postSolution
		{80A16ADA-A1BB-413A-B5BC-DEF8EE6C86ED}.Debug|Any CPU.ActiveCfg = Debug|Any CPU
		{80A16ADA-A1BB-413A-B5BC-DEF8EE6C86ED}.Debug|Any CPU.Build.0 = Debug|Any CPU
		{80A16ADA-A1BB-413A-B5BC-DEF8EE6C86ED}.Release|Any CPU.ActiveCfg = Release|Any CPU
		{80A16ADA-A1BB-413A-B5BC-DEF8EE6C86ED}.Release|Any CPU.Build.0 = Release|Any CPU
	EndGlobalSection
	GlobalSection(SolutionProperties) = preSolution
		HideSolutionNode = FALSE
	EndGlobalSection
	GlobalSection(ExtensibilityGlobals) = postSolution
		SolutionGuid = {8FC6E762-3647-43F4-9CDA-22CC54CE6902}
	EndGlobalSection
EndGlobal
