
Microsoft Visual Studio Solution File, Format Version 12.00
# Visual Studio Version 16
VisualStudioVersion = 16.0.30717.126
MinimumVisualStudioVersion = 10.0.40219.1
Project("{FAE04EC0-301F-11D3-BF4B-00C04F79EFBC}") = "QUANLYSHOP", "QUANLYSHOP\QUANLYSHOP.csproj", "{08DE8835-5729-4408-9186-B381D303188A}"
EndProject
Global
	GlobalSection(SolutionConfigurationPlatforms) = preSolution
		Debug|Any CPU = Debug|Any CPU
		Release|Any CPU = Release|Any CPU
	EndGlobalSection
	GlobalSection(ProjectConfigurationPlatforms) = postSolution
		{08DE8835-5729-4408-9186-B381D303188A}.Debug|Any CPU.ActiveCfg = Debug|Any CPU
		{08DE8835-5729-4408-9186-B381D303188A}.Debug|Any CPU.Build.0 = Debug|Any CPU
		{08DE8835-5729-4408-9186-B381D303188A}.Release|Any CPU.ActiveCfg = Release|Any CPU
		{08DE8835-5729-4408-9186-B381D303188A}.Release|Any CPU.Build.0 = Release|Any CPU
	EndGlobalSection
	GlobalSection(SolutionProperties) = preSolution
		HideSolutionNode = FALSE
	EndGlobalSection
	GlobalSection(ExtensibilityGlobals) = postSolution
		SolutionGuid = {55CAED9C-4697-4700-AA43-EFC366305997}
	EndGlobalSection
EndGlobal
